
Microsoft Visual Studio Solution File, Format Version 12.00
# Visual Studio Version 16
VisualStudioVersion = 16.0.31019.35
MinimumVisualStudioVersion = 10.0.40219.1
Project("{FAE04EC0-301F-11D3-BF4B-00C04F79EFBC}") = "FiremanSystem", "FiremanSystem\FiremanSystem.csproj", "{4991C47A-28D9-42D2-B45B-6924C67ABC69}"
EndProject
Global
	GlobalSection(SolutionConfigurationPlatforms) = preSolution
		Debug|Any CPU = Debug|Any CPU
		Release|Any CPU = Release|Any CPU
	EndGlobalSection
	GlobalSection(ProjectConfigurationPlatforms) = postSolution
		{4991C47A-28D9-42D2-B45B-6924C67ABC69}.Debug|Any CPU.ActiveCfg = Debug|Any CPU
		{4991C47A-28D9-42D2-B45B-6924C67ABC69}.Debug|Any CPU.Build.0 = Debug|Any CPU
		{4991C47A-28D9-42D2-B45B-6924C67ABC69}.Release|Any CPU.ActiveCfg = Release|Any CPU
		{4991C47A-28D9-42D2-B45B-6924C67ABC69}.Release|Any CPU.Build.0 = Release|Any CPU
	EndGlobalSection
	GlobalSection(SolutionProperties) = preSolution
		HideSolutionNode = FALSE
	EndGlobalSection
	GlobalSection(ExtensibilityGlobals) = postSolution
		SolutionGuid = {AE492678-3902-4CF0-9612-54AE8F8E91F6}
	EndGlobalSection
EndGlobal
